
Microsoft Visual Studio Solution File, Format Version 12.00
# Visual Studio Version 17
VisualStudioVersion = 17.13.35825.156 d17.13
MinimumVisualStudioVersion = 10.0.40219.1
Project("{FAE04EC0-301F-11D3-BF4B-00C04F79EFBC}") = "DrakiaXYZ-NoCheese", "DrakiaXYZ-NoCheese.csproj", "{38C330D5-9A24-4339-AB28-3CB8D29BB00A}"
EndProject
Global
	GlobalSection(SolutionConfigurationPlatforms) = preSolution
		Debug|Any CPU = Debug|Any CPU
		Package|Any CPU = Package|Any CPU
		Release|Any CPU = Release|Any CPU
	EndGlobalSection
	GlobalSection(ProjectConfigurationPlatforms) = postSolution
		{38C330D5-9A24-4339-AB28-3CB8D29BB00A}.Debug|Any CPU.ActiveCfg = Debug|Any CPU
		{38C330D5-9A24-4339-AB28-3CB8D29BB00A}.Debug|Any CPU.Build.0 = Debug|Any CPU
		{38C330D5-9A24-4339-AB28-3CB8D29BB00A}.Package|Any CPU.ActiveCfg = Package|Any CPU
		{38C330D5-9A24-4339-AB28-3CB8D29BB00A}.Package|Any CPU.Build.0 = Package|Any CPU
		{38C330D5-9A24-4339-AB28-3CB8D29BB00A}.Release|Any CPU.ActiveCfg = Release|Any CPU
		{38C330D5-9A24-4339-AB28-3CB8D29BB00A}.Release|Any CPU.Build.0 = Release|Any CPU
	EndGlobalSection
	GlobalSection(SolutionProperties) = preSolution
		HideSolutionNode = FALSE
	EndGlobalSection
	GlobalSection(ExtensibilityGlobals) = postSolution
		SolutionGuid = {62D7E2E5-11BD-4F12-B2A8-3E9E47C50451}
	EndGlobalSection
EndGlobal
